// !$*UTF8*$!
{
	archiveVersion = 1;
	classes = {
	};
	objectVersion = 50;
	objects = {

/* Begin PBXBuildFile section */
		BD6BC77B25BF173000EE8A3C /* AppDelegate.swift in Sources */ = {isa = PBXBuildFile; fileRef = BD6BC77A25BF173000EE8A3C /* AppDelegate.swift */; };
		BD6BC77D25BF173000EE8A3C /* SceneDelegate.swift in Sources */ = {isa = PBXBuildFile; fileRef = BD6BC77C25BF173000EE8A3C /* SceneDelegate.swift */; };
		BD6BC77F25BF173000EE8A3C /* ViewController.swift in Sources */ = {isa = PBXBuildFile; fileRef = BD6BC77E25BF173000EE8A3C /* ViewController.swift */; };
		BD6BC78225BF173000EE8A3C /* Main.storyboard in Resources */ = {isa = PBXBuildFile; fileRef = BD6BC78025BF173000EE8A3C /* Main.storyboard */; };
		BD6BC78425BF173200EE8A3C /* Assets.xcassets in Resources */ = {isa = PBXBuildFile; fileRef = BD6BC78325BF173200EE8A3C /* Assets.xcassets */; };
		BD6BC78725BF173200EE8A3C /* LaunchScreen.storyboard in Resources */ = {isa = PBXBuildFile; fileRef = BD6BC78525BF173200EE8A3C /* LaunchScreen.storyboard */; };
/* End PBXBuildFile section */

/* Begin PBXFileReference section */
		BD6BC77725BF173000EE8A3C /* Activity-Ring-Animation.app */ = {isa = PBXFileReference; explicitFileType = wrapper.application; includeInIndex = 0; path = "Activity-Ring-Animation.app"; sourceTree = BUILT_PRODUCTS_DIR; };
		BD6BC77A25BF173000EE8A3C /* AppDelegate.swift */ = {isa = PBXFileReference; lastKnownFileType = sourcecode.swift; path = AppDelegate.swift; sourceTree = "<group>"; };
		BD6BC77C25BF173000EE8A3C /* SceneDelegate.swift */ = {isa = PBXFileReference; lastKnownFileType = sourcecode.swift; path = SceneDelegate.swift; sourceTree = "<group>"; };
		BD6BC77E25BF173000EE8A3C /* ViewController.swift */ = {isa = PBXFileReference; lastKnownFileType = sourcecode.swift; path = ViewController.swift; sourceTree = "<group>"; };
		BD6BC78125BF173000EE8A3C /* Base */ = {isa = PBXFileReference; lastKnownFileType = file.storyboard; name = Base; path = Base.lproj/Main.storyboard; sourceTree = "<group>"; };
		BD6BC78325BF173200EE8A3C /* Assets.xcassets */ = {isa = PBXFileReference; lastKnownFileType = folder.assetcatalog; path = Assets.xcassets; sourceTree = "<group>"; };
		BD6BC78625BF173200EE8A3C /* Base */ = {isa = PBXFileReference; lastKnownFileType = file.storyboard; name = Base; path = Base.lproj/LaunchScreen.storyboard; sourceTree = "<group>"; };
		BD6BC78825BF173200EE8A3C /* Info.plist */ = {isa = PBXFileReference; lastKnownFileType = text.plist.xml; path = Info.plist; sourceTree = "<group>"; };
/* End PBXFileReference section */

/* Begin PBXFrameworksBuildPhase section */
		BD6BC77425BF172F00EE8A3C /* Frameworks */ = {
			isa = PBXFrameworksBuildPhase;
			buildActionMask = 2147483647;
			files = (
			);
			runOnlyForDeploymentPostprocessing = 0;
		};
/* End PBXFrameworksBuildPhase section */

/* Begin PBXGroup section */
		BD6BC76E25BF172F00EE8A3C = {
			isa = PBXGroup;
			children = (
				BD6BC77925BF173000EE8A3C /* Activity-Ring-Animation */,
				BD6BC77825BF173000EE8A3C /* Products */,
			);
			sourceTree = "<group>";
		};
		BD6BC77825BF173000EE8A3C /* Products */ = {
			isa = PBXGroup;
			children = (
				BD6BC77725BF173000EE8A3C /* Activity-Ring-Animation.app */,
			);
			name = Products;
			sourceTree = "<group>";
		};
		BD6BC77925BF173000EE8A3C /* Activity-Ring-Animation */ = {
			isa = PBXGroup;
			children = (
				BD6BC77A25BF173000EE8A3C /* AppDelegate.swift */,
				BD6BC77C25BF173000EE8A3C /* SceneDelegate.swift */,
				BD6BC77E25BF173000EE8A3C /* ViewController.swift */,
				BD6BC78025BF173000EE8A3C /* Main.storyboard */,
				BD6BC78325BF173200EE8A3C /* Assets.xcassets */,
				BD6BC78525BF173200EE8A3C /* LaunchScreen.storyboard */,
				BD6BC78825BF173200EE8A3C /* Info.plist */,
			);
			path = "Activity-Ring-Animation";
			sourceTree = "<group>";
		};
/* End PBXGroup section */

/* Begin PBXNativeTarget section */
		BD6BC77625BF172F00EE8A3C /* Activity-Ring-Animation */ = {
			isa = PBXNativeTarget;
			buildConfigurationList = BD6BC78B25BF173200EE8A3C /* Build configuration list for PBXNativeTarget "Activity-Ring-Animation" */;
			buildPhases = (
				BD6BC77325BF172F00EE8A3C /* Sources */,
				BD6BC77425BF172F00EE8A3C /* Frameworks */,
				BD6BC77525BF172F00EE8A3C /* Resources */,
			);
			buildRules = (
			);
			dependencies = (
			);
			name = "Activity-Ring-Animation";
			productName = "Activity-Ring-Animation";
			productReference = BD6BC77725BF173000EE8A3C /* Activity-Ring-Animation.app */;
			productType = "com.apple.product-type.application";
		};
/* End PBXNativeTarget section */

/* Begin PBXProject section */
		BD6BC76F25BF172F00EE8A3C /* Project object */ = {
			isa = PBXProject;
			attributes = {
				LastSwiftUpdateCheck = 1230;
				LastUpgradeCheck = 1230;
				TargetAttributes = {
					BD6BC77625BF172F00EE8A3C = {
						CreatedOnToolsVersion = 12.3;
					};
				};
			};
			buildConfigurationList = BD6BC77225BF172F00EE8A3C /* Build configuration list for PBXProject "Activity-Ring-Animation" */;
			compatibilityVersion = "Xcode 9.3";
			developmentRegion = en;
			hasScannedForEncodings = 0;
			knownRegions = (
				en,
				Base,
			);
			mainGroup = BD6BC76E25BF172F00EE8A3C;
			productRefGroup = BD6BC77825BF173000EE8A3C /* Products */;
			projectDirPath = "";
			projectRoot = "";
			targets = (
				BD6BC77625BF172F00EE8A3C /* Activity-Ring-Animation */,
			);
		};
/* End PBXProject section */

/* Begin PBXResourcesBuildPhase section */
		BD6BC77525BF172F00EE8A3C /* Resources */ = {
			isa = PBXResourcesBuildPhase;
			buildActionMask = 2147483647;
			files = (
				BD6BC78725BF173200EE8A3C /* LaunchScreen.storyboard in Resources */,
				BD6BC78425BF173200EE8A3C /* Assets.xcassets in Resources */,
				BD6BC78225BF173000EE8A3C /* Main.storyboard in Resources */,
			);
			runOnlyForDeploymentPostprocessing = 0;
		};
/* End PBXResourcesBuildPhase section */

/* Begin PBXSourcesBuildPhase section */
		BD6BC77325BF172F00EE8A3C /* Sources */ = {
			isa = PBXSourcesBuildPhase;
			buildActionMask = 2147483647;
			files = (
				BD6BC77F25BF173000EE8A3C /* ViewController.swift in Sources */,
				BD6BC77B25BF173000EE8A3C /* AppDelegate.swift in Sources */,
				BD6BC77D25BF173000EE8A3C /* SceneDelegate.swift in Sources */,
			);
			runOnlyForDeploymentPostprocessing = 0;
		};
/* End PBXSourcesBuildPhase section */

/* Begin PBXVariantGroup section */
		BD6BC78025BF173000EE8A3C /* Main.storyboard */ = {
			isa = PBXVariantGroup;
			children = (
				BD6BC78125BF173000EE8A3C /* Base */,
			);
			name = Main.storyboard;
			sourceTree = "<group>";
		};
		BD6BC78525BF173200EE8A3C /* LaunchScreen.storyboard */ = {
			isa = PBXVariantGroup;
			children = (
				BD6BC78625BF173200EE8A3C /* Base */,
			);
			name = LaunchScreen.storyboard;
			sourceTree = "<group>";
		};
/* End PBXVariantGroup section */

/* Begin XCBuildConfiguration section */
		BD6BC78925BF173200EE8A3C /* Debug */ = {
			isa = XCBuildConfiguration;
			buildSettings = {
				ALWAYS_SEARCH_USER_PATHS = NO;
				CLANG_ANALYZER_NONNULL = YES;
				CLANG_ANALYZER_NUMBER_OBJECT_CONVERSION = YES_AGGRESSIVE;
				CLANG_CXX_LANGUAGE_STANDARD = "gnu++14";
				CLANG_CXX_LIBRARY = "libc++";
				CLANG_ENABLE_MODULES = YES;
				CLANG_ENABLE_OBJC_ARC = YES;
				CLANG_ENABLE_OBJC_WEAK = YES;
				CLANG_WARN_BLOCK_CAPTURE_AUTORELEASING = YES;
				CLANG_WARN_BOOL_CONVERSION = YES;
				CLANG_WARN_COMMA = YES;
				CLANG_WARN_CONSTANT_CONVERSION = YES;
				CLANG_WARN_DEPRECATED_OBJC_IMPLEMENTATIONS = YES;
				CLANG_WARN_DIRECT_OBJC_ISA_USAGE = YES_ERROR;
				CLANG_WARN_DOCUMENTATION_COMMENTS = YES;
				CLANG_WARN_EMPTY_BODY = YES;
				CLANG_WARN_ENUM_CONVERSION = YES;
				CLANG_WARN_INFINITE_RECURSION = YES;
				CLANG_WARN_INT_CONVERSION = YES;
				CLANG_WARN_NON_LITERAL_NULL_CONVERSION = YES;
				CLANG_WARN_OBJC_IMPLICIT_RETAIN_SELF = YES;
				CLANG_WARN_OBJC_LITERAL_CONVERSION = YES;
				CLANG_WARN_OBJC_ROOT_CLASS = YES_ERROR;
				CLANG_WARN_QUOTED_INCLUDE_IN_FRAMEWORK_HEADER = YES;
				CLANG_WARN_RANGE_LOOP_ANALYSIS = YES;
				CLANG_WARN_STRICT_PROTOTYPES = YES;
				CLANG_WARN_SUSPICIOUS_MOVE = YES;
				CLANG_WARN_UNGUARDED_AVAILABILITY = YES_AGGRESSIVE;
				CLANG_WARN_UNREACHABLE_CODE = YES;
				CLANG_WARN__DUPLICATE_METHOD_MATCH = YES;
				COPY_PHASE_STRIP = NO;
				DEBUG_INFORMATION_FORMAT = dwarf;
				ENABLE_STRICT_OBJC_MSGSEND = YES;
				ENABLE_TESTABILITY = YES;
				GCC_C_LANGUAGE_STANDARD = gnu11;
				GCC_DYNAMIC_NO_PIC = NO;
				GCC_NO_COMMON_BLOCKS = YES;
				GCC_OPTIMIZATION_LEVEL = 0;
				GCC_PREPROCESSOR_DEFINITIONS = (
					"DEBUG=1",
					"$(inherited)",
				);
				GCC_WARN_64_TO_32_BIT_CONVERSION = YES;
				GCC_WARN_ABOUT_RETURN_TYPE = YES_ERROR;
				GCC_WARN_UNDECLARED_SELECTOR = YES;
				GCC_WARN_UNINITIALIZED_AUTOS = YES_AGGRESSIVE;
				GCC_WARN_UNUSED_FUNCTION = YES;
				GCC_WARN_UNUSED_VARIABLE = YES;
				IPHONEOS_DEPLOYMENT_TARGET = 14.3;
				MTL_ENABLE_DEBUG_INFO = INCLUDE_SOURCE;
				MTL_FAST_MATH = YES;
				ONLY_ACTIVE_ARCH = YES;
				SDKROOT = iphoneos;
				SWIFT_ACTIVE_COMPILATION_CONDITIONS = DEBUG;
				SWIFT_OPTIMIZATION_LEVEL = "-Onone";
			};
			name = Debug;
		};
		BD6BC78A25BF173200EE8A3C /* Release */ = {
			isa = XCBuildConfiguration;
			buildSettings = {
				ALWAYS_SEARCH_USER_PATHS = NO;
				CLANG_ANALYZER_NONNULL = YES;
				CLANG_ANALYZER_NUMBER_OBJECT_CONVERSION = YES_AGGRESSIVE;
				CLANG_CXX_LANGUAGE_STANDARD = "gnu++14";
				CLANG_CXX_LIBRARY = "libc++";
				CLANG_ENABLE_MODULES = YES;
				CLANG_ENABLE_OBJC_ARC = YES;
				CLANG_ENABLE_OBJC_WEAK = YES;
				CLANG_WARN_BLOCK_CAPTURE_AUTORELEASING = YES;
				CLANG_WARN_BOOL_CONVERSION = YES;
				CLANG_WARN_COMMA = YES;
				CLANG_WARN_CONSTANT_CONVERSION = YES;
				CLANG_WARN_DEPRECATED_OBJC_IMPLEMENTATIONS = YES;
				CLANG_WARN_DIRECT_OBJC_ISA_USAGE = YES_ERROR;
				CLANG_WARN_DOCUMENTATION_COMMENTS = YES;
				CLANG_WARN_EMPTY_BODY = YES;
				CLANG_WARN_ENUM_CONVERSION = YES;
				CLANG_WARN_INFINITE_RECURSION = YES;
				CLANG_WARN_INT_CONVERSION = YES;
				CLANG_WARN_NON_LITERAL_NULL_CONVERSION = YES;
				CLANG_WARN_OBJC_IMPLICIT_RETAIN_SELF = YES;
				CLANG_WARN_OBJC_LITERAL_CONVERSION = YES;
				CLANG_WARN_OBJC_ROOT_CLASS = YES_ERROR;
				CLANG_WARN_QUOTED_INCLUDE_IN_FRAMEWORK_HEADER = YES;
				CLANG_WARN_RANGE_LOOP_ANALYSIS = YES;
				CLANG_WARN_STRICT_PROTOTYPES = YES;
				CLANG_WARN_SUSPICIOUS_MOVE = YES;
				CLANG_WARN_UNGUARDED_AVAILABILITY = YES_AGGRESSIVE;
				CLANG_WARN_UNREACHABLE_CODE = YES;
				CLANG_WARN__DUPLICATE_METHOD_MATCH = YES;
				COPY_PHASE_STRIP = NO;
				DEBUG_INFORMATION_FORMAT = "dwarf-with-dsym";
				ENABLE_NS_ASSERTIONS = NO;
				ENABLE_STRICT_OBJC_MSGSEND = YES;
				GCC_C_LANGUAGE_STANDARD = gnu11;
				GCC_NO_COMMON_BLOCKS = YES;
				GCC_WARN_64_TO_32_BIT_CONVERSION = YES;
				GCC_WARN_ABOUT_RETURN_TYPE = YES_ERROR;
				GCC_WARN_UNDECLARED_SELECTOR = YES;
				GCC_WARN_UNINITIALIZED_AUTOS = YES_AGGRESSIVE;
				GCC_WARN_UNUSED_FUNCTION = YES;
				GCC_WARN_UNUSED_VARIABLE = YES;
				IPHONEOS_DEPLOYMENT_TARGET = 14.3;
				MTL_ENABLE_DEBUG_INFO = NO;
				MTL_FAST_MATH = YES;
				SDKROOT = iphoneos;
				SWIFT_COMPILATION_MODE = wholemodule;
				SWIFT_OPTIMIZATION_LEVEL = "-O";
				VALIDATE_PRODUCT = YES;
			};
			name = Release;
		};
		BD6BC78C25BF173200EE8A3C /* Debug */ = {
			isa = XCBuildConfiguration;
			buildSettings = {
				ASSETCATALOG_COMPILER_APPICON_NAME = AppIcon;
				ASSETCATALOG_COMPILER_GLOBAL_ACCENT_COLOR_NAME = AccentColor;
				CODE_SIGN_STYLE = Automatic;
				DEVELOPMENT_TEAM = 2536WFXFRU;
				INFOPLIST_FILE = "Activity-Ring-Animation/Info.plist";
				LD_RUNPATH_SEARCH_PATHS = (
					"$(inherited)",
					"@executable_path/Frameworks",
				);
				PRODUCT_BUNDLE_IDENTIFIER = "net.techxposer.Activity-Ring-Animation";
				PRODUCT_NAME = "$(TARGET_NAME)";
				SWIFT_VERSION = 5.0;
				TARGETED_DEVICE_FAMILY = 1;
			};
			name = Debug;
		};
		BD6BC78D25BF173200EE8A3C /* Release */ = {
			isa = XCBuildConfiguration;
			buildSettings = {
				ASSETCATALOG_COMPILER_APPICON_NAME = AppIcon;
				ASSETCATALOG_COMPILER_GLOBAL_ACCENT_COLOR_NAME = AccentColor;
				CODE_SIGN_STYLE = Automatic;
				DEVELOPMENT_TEAM = 2536WFXFRU;
				INFOPLIST_FILE = "Activity-Ring-Animation/Info.plist";
				LD_RUNPATH_SEARCH_PATHS = (
					"$(inherited)",
					"@executable_path/Frameworks",
				);
				PRODUCT_BUNDLE_IDENTIFIER = "net.techxposer.Activity-Ring-Animation";
				PRODUCT_NAME = "$(TARGET_NAME)";
				SWIFT_VERSION = 5.0;
				TARGETED_DEVICE_FAMILY = 1;
			};
			name = Release;
		};
/* End XCBuildConfiguration section */

/* Begin XCConfigurationList section */
		BD6BC77225BF172F00EE8A3C /* Build configuration list for PBXProject "Activity-Ring-Animation" */ = {
			isa = XCConfigurationList;
			buildConfigurations = (
				BD6BC78925BF173200EE8A3C /* Debug */,
				BD6BC78A25BF173200EE8A3C /* Release */,
			);
			defaultConfigurationIsVisible = 0;
			defaultConfigurationName = Release;
		};
		BD6BC78B25BF173200EE8A3C /* Build configuration list for PBXNativeTarget "Activity-Ring-Animation" */ = {
			isa = XCConfigurationList;
			buildConfigurations = (
				BD6BC78C25BF173200EE8A3C /* Debug */,
				BD6BC78D25BF173200EE8A3C /* Release */,
			);
			defaultConfigurationIsVisible = 0;
			defaultConfigurationName = Release;
		};
/* End XCConfigurationList section */
	};
	rootObject = BD6BC76F25BF172F00EE8A3C /* Project object */;
}
